
Microsoft Visual Studio Solution File, Format Version 12.00
# Visual Studio Version 17
VisualStudioVersion = 17.14.36109.1
MinimumVisualStudioVersion = 10.0.40219.1
Project("{FAE04EC0-301F-11D3-BF4B-00C04F79EFBC}") = "GraphQLDemo.API", "GraphQlDemo\GraphQLDemo.API.csproj", "{5CBC0456-A80F-4AC3-92C4-3BD0F7A7889C}"
EndProject
Global
	GlobalSection(SolutionConfigurationPlatforms) = preSolution
		Debug|Any CPU = Debug|Any CPU
		Release|Any CPU = Release|Any CPU
	EndGlobalSection
	GlobalSection(ProjectConfigurationPlatforms) = postSolution
		{5CBC0456-A80F-4AC3-92C4-3BD0F7A7889C}.Debug|Any CPU.ActiveCfg = Debug|Any CPU
		{5CBC0456-A80F-4AC3-92C4-3BD0F7A7889C}.Debug|Any CPU.Build.0 = Debug|Any CPU
		{5CBC0456-A80F-4AC3-92C4-3BD0F7A7889C}.Release|Any CPU.ActiveCfg = Release|Any CPU
		{5CBC0456-A80F-4AC3-92C4-3BD0F7A7889C}.Release|Any CPU.Build.0 = Release|Any CPU
	EndGlobalSection
	GlobalSection(SolutionProperties) = preSolution
		HideSolutionNode = FALSE
	EndGlobalSection
	GlobalSection(ExtensibilityGlobals) = postSolution
		SolutionGuid = {1D9A650B-7102-44F7-8FED-2EAECECB3FFB}
	EndGlobalSection
EndGlobal
